
Microsoft Visual Studio Solution File, Format Version 12.00
# Visual Studio Version 17
VisualStudioVersion = 17.1.32421.90
MinimumVisualStudioVersion = 10.0.40219.1
Project("{FAE04EC0-301F-11D3-BF4B-00C04F79EFBC}") = "RealSudokoAlgorithm", "RealSudokoAlgorithm.csproj", "{43DDEFF0-6AD6-4235-9AE2-353906507D63}"
EndProject
Global
	GlobalSection(SolutionConfigurationPlatforms) = preSolution
		Debug|Any CPU = Debug|Any CPU
		Release|Any CPU = Release|Any CPU
	EndGlobalSection
	GlobalSection(ProjectConfigurationPlatforms) = postSolution
		{43DDEFF0-6AD6-4235-9AE2-353906507D63}.Debug|Any CPU.ActiveCfg = Debug|Any CPU
		{43DDEFF0-6AD6-4235-9AE2-353906507D63}.Debug|Any CPU.Build.0 = Debug|Any CPU
		{43DDEFF0-6AD6-4235-9AE2-353906507D63}.Release|Any CPU.ActiveCfg = Release|Any CPU
		{43DDEFF0-6AD6-4235-9AE2-353906507D63}.Release|Any CPU.Build.0 = Release|Any CPU
	EndGlobalSection
	GlobalSection(SolutionProperties) = preSolution
		HideSolutionNode = FALSE
	EndGlobalSection
	GlobalSection(ExtensibilityGlobals) = postSolution
		SolutionGuid = {E56371A7-2674-49CC-B40D-05D089C6F2AC}
	EndGlobalSection
EndGlobal
